
Microsoft Visual Studio Solution File, Format Version 12.00
# Visual Studio Version 17
VisualStudioVersion = 17.0.31919.166
MinimumVisualStudioVersion = 10.0.40219.1
Project("{9A19103F-16F7-4668-BE54-9A1E7A4F7556}") = "Web", "Web\Web.csproj", "{2F3AE285-662B-4ACD-9B7A-AF056B2209A5}"
EndProject
Project("{9A19103F-16F7-4668-BE54-9A1E7A4F7556}") = "STFCLibrary", "STFCLibrary\STFCLibrary.csproj", "{2850754A-ABC2-4D85-B78F-30AE7EFE1DC8}"
EndProject
Project("{9A19103F-16F7-4668-BE54-9A1E7A4F7556}") = "PlaygroundConsoleApp", "PlaygroundConsoleApp\PlaygroundConsoleApp.csproj", "{B8980391-581B-4B62-986F-7D560BFC8805}"
EndProject
Global
	GlobalSection(SolutionConfigurationPlatforms) = preSolution
		Debug|Any CPU = Debug|Any CPU
		Release|Any CPU = Release|Any CPU
	EndGlobalSection
	GlobalSection(ProjectConfigurationPlatforms) = postSolution
		{2F3AE285-662B-4ACD-9B7A-AF056B2209A5}.Debug|Any CPU.ActiveCfg = Debug|Any CPU
		{2F3AE285-662B-4ACD-9B7A-AF056B2209A5}.Debug|Any CPU.Build.0 = Debug|Any CPU
		{2F3AE285-662B-4ACD-9B7A-AF056B2209A5}.Release|Any CPU.ActiveCfg = Release|Any CPU
		{2F3AE285-662B-4ACD-9B7A-AF056B2209A5}.Release|Any CPU.Build.0 = Release|Any CPU
		{2850754A-ABC2-4D85-B78F-30AE7EFE1DC8}.Debug|Any CPU.ActiveCfg = Debug|Any CPU
		{2850754A-ABC2-4D85-B78F-30AE7EFE1DC8}.Debug|Any CPU.Build.0 = Debug|Any CPU
		{2850754A-ABC2-4D85-B78F-30AE7EFE1DC8}.Release|Any CPU.ActiveCfg = Release|Any CPU
		{2850754A-ABC2-4D85-B78F-30AE7EFE1DC8}.Release|Any CPU.Build.0 = Release|Any CPU
		{B8980391-581B-4B62-986F-7D560BFC8805}.Debug|Any CPU.ActiveCfg = Debug|Any CPU
		{B8980391-581B-4B62-986F-7D560BFC8805}.Debug|Any CPU.Build.0 = Debug|Any CPU
		{B8980391-581B-4B62-986F-7D560BFC8805}.Release|Any CPU.ActiveCfg = Release|Any CPU
		{B8980391-581B-4B62-986F-7D560BFC8805}.Release|Any CPU.Build.0 = Release|Any CPU
	EndGlobalSection
	GlobalSection(SolutionProperties) = preSolution
		HideSolutionNode = FALSE
	EndGlobalSection
	GlobalSection(ExtensibilityGlobals) = postSolution
		SolutionGuid = {BDAAF1E5-A7BC-4C4E-AE52-80A4C8328208}
	EndGlobalSection
EndGlobal
